
Microsoft Visual Studio Solution File, Format Version 12.00
# Visual Studio Version 17
VisualStudioVersion = 17.4.33122.133
MinimumVisualStudioVersion = 10.0.40219.1
Project("{9A19103F-16F7-4668-BE54-9A1E7A4F7556}") = "IBKS", "IBKS.csproj", "{C060F024-23FE-4096-A284-AFA75EC5B581}"
EndProject
Project("{FAE04EC0-301F-11D3-BF4B-00C04F79EFBC}") = "TestIBKS", "..\TestIBKS\TestIBKS.csproj", "{8CBB6A6C-8A88-4A85-BB8A-BFA3A930A987}"
EndProject
Global
	GlobalSection(SolutionConfigurationPlatforms) = preSolution
		Debug|Any CPU = Debug|Any CPU
		Release|Any CPU = Release|Any CPU
	EndGlobalSection
	GlobalSection(ProjectConfigurationPlatforms) = postSolution
		{C060F024-23FE-4096-A284-AFA75EC5B581}.Debug|Any CPU.ActiveCfg = Debug|Any CPU
		{C060F024-23FE-4096-A284-AFA75EC5B581}.Debug|Any CPU.Build.0 = Debug|Any CPU
		{C060F024-23FE-4096-A284-AFA75EC5B581}.Release|Any CPU.ActiveCfg = Release|Any CPU
		{C060F024-23FE-4096-A284-AFA75EC5B581}.Release|Any CPU.Build.0 = Release|Any CPU
		{8CBB6A6C-8A88-4A85-BB8A-BFA3A930A987}.Debug|Any CPU.ActiveCfg = Debug|Any CPU
		{8CBB6A6C-8A88-4A85-BB8A-BFA3A930A987}.Debug|Any CPU.Build.0 = Debug|Any CPU
		{8CBB6A6C-8A88-4A85-BB8A-BFA3A930A987}.Release|Any CPU.ActiveCfg = Release|Any CPU
		{8CBB6A6C-8A88-4A85-BB8A-BFA3A930A987}.Release|Any CPU.Build.0 = Release|Any CPU
	EndGlobalSection
	GlobalSection(SolutionProperties) = preSolution
		HideSolutionNode = FALSE
	EndGlobalSection
	GlobalSection(ExtensibilityGlobals) = postSolution
		SolutionGuid = {5D803AFF-B2DA-4EDC-AEF1-5773C7452A7E}
	EndGlobalSection
EndGlobal
